# THIS IS AN AUTOGENERATED FILE. DO NOT EDIT THIS FILE DIRECTLY.
# yarn lockfile v1


"beeper@https://github.com/sindresorhus/beeper.git":
  version "1.1.1"
  resolved "https://github.com/sindresorhus/beeper.git#34f2c73a340f000c9e060f7038362db6782b236e"

"test-js-git-repo@https://github.com/Volune/test-js-git-repo#bin":
  version "0.0.0"
  resolved "https://github.com/Volune/test-js-git-repo#c455e0cb000917f4362ee4c792e8a4636a291f89"
